{
    "name": "@medly-components/icons",
    "version": "1.0.0",
    "lockfileVersion": 1,
    "requires": true,
    "dependencies": {
        "@medly-components/theme": {
            "version": "1.0.0"
        },
        "@medly-components/utils": {
            "version": "1.0.0",
            "requires": {
                "@medly-components/theme": "^1.0.0"
            },
            "dependencies": {
                "@medly-components/theme": {
                    "version": "1.0.0",
                    "bundled": true
                }
            }
        }
    }
}
